
Microsoft Visual Studio Solution File, Format Version 12.00
# Visual Studio Version 17
VisualStudioVersion = 17.12.35707.178
MinimumVisualStudioVersion = 10.0.40219.1
Project("{FAE04EC0-301F-11D3-BF4B-00C04F79EFBC}") = "ExtractCodeAPI", "ExtractCodeAPI.csproj", "{5175C1A6-C500-40C5-8494-DB1C6E683BFB}"
EndProject
Project("{FAE04EC0-301F-11D3-BF4B-00C04F79EFBC}") = "WebSocketClient", "..\WebSocketClient\WebSocketClient.csproj", "{C83A19FF-4FCB-42C5-A8AD-6F5140FF1934}"
EndProject
Global
	GlobalSection(SolutionConfigurationPlatforms) = preSolution
		Debug|Any CPU = Debug|Any CPU
		Release|Any CPU = Release|Any CPU
	EndGlobalSection
	GlobalSection(ProjectConfigurationPlatforms) = postSolution
		{5175C1A6-C500-40C5-8494-DB1C6E683BFB}.Debug|Any CPU.ActiveCfg = Debug|Any CPU
		{5175C1A6-C500-40C5-8494-DB1C6E683BFB}.Debug|Any CPU.Build.0 = Debug|Any CPU
		{5175C1A6-C500-40C5-8494-DB1C6E683BFB}.Release|Any CPU.ActiveCfg = Release|Any CPU
		{5175C1A6-C500-40C5-8494-DB1C6E683BFB}.Release|Any CPU.Build.0 = Release|Any CPU
		{C83A19FF-4FCB-42C5-A8AD-6F5140FF1934}.Debug|Any CPU.ActiveCfg = Debug|Any CPU
		{C83A19FF-4FCB-42C5-A8AD-6F5140FF1934}.Debug|Any CPU.Build.0 = Debug|Any CPU
		{C83A19FF-4FCB-42C5-A8AD-6F5140FF1934}.Release|Any CPU.ActiveCfg = Release|Any CPU
		{C83A19FF-4FCB-42C5-A8AD-6F5140FF1934}.Release|Any CPU.Build.0 = Release|Any CPU
	EndGlobalSection
	GlobalSection(SolutionProperties) = preSolution
		HideSolutionNode = FALSE
	EndGlobalSection
EndGlobal
